
Microsoft Visual Studio Solution File, Format Version 12.00
# Visual Studio Version 17
VisualStudioVersion = 17.11.35327.3
MinimumVisualStudioVersion = 10.0.40219.1
Project("{FAE04EC0-301F-11D3-BF4B-00C04F79EFBC}") = "GarageQueueDownload", "GarageQueueDownload.csproj", "{EEF4C1D8-9F41-4D94-80A2-E27EFEEDCF65}"
EndProject
Global
	GlobalSection(SolutionProperties) = preSolution
		HideSolutionNode = FALSE
	EndGlobalSection
	GlobalSection(ExtensibilityGlobals) = postSolution
		SolutionGuid = {2E6249F7-8097-4EE7-BFD6-947D1413BE6C}
	EndGlobalSection
	GlobalSection(SolutionConfigurationPlatforms) = preSolution
		Debug|Any CPU = Debug|Any CPU
		Debug|x64 = Debug|x64
		Debug|x86 = Debug|x86
		Release|Any CPU = Release|Any CPU
		Release|x64 = Release|x64
		Release|x86 = Release|x86
	EndGlobalSection
	GlobalSection(ProjectConfigurationPlatforms) = postSolution
		{EEF4C1D8-9F41-4D94-80A2-E27EFEEDCF65}.Debug|Any CPU.ActiveCfg = Debug|Any CPU
		{EEF4C1D8-9F41-4D94-80A2-E27EFEEDCF65}.Debug|Any CPU.Build.0 = Debug|Any CPU
		{EEF4C1D8-9F41-4D94-80A2-E27EFEEDCF65}.Debug|x64.ActiveCfg = Debug|Any CPU
		{EEF4C1D8-9F41-4D94-80A2-E27EFEEDCF65}.Debug|x64.Build.0 = Debug|Any CPU
		{EEF4C1D8-9F41-4D94-80A2-E27EFEEDCF65}.Debug|x86.ActiveCfg = Debug|Any CPU
		{EEF4C1D8-9F41-4D94-80A2-E27EFEEDCF65}.Debug|x86.Build.0 = Debug|Any CPU
		{EEF4C1D8-9F41-4D94-80A2-E27EFEEDCF65}.Release|Any CPU.ActiveCfg = Release|Any CPU
		{EEF4C1D8-9F41-4D94-80A2-E27EFEEDCF65}.Release|Any CPU.Build.0 = Release|Any CPU
		{EEF4C1D8-9F41-4D94-80A2-E27EFEEDCF65}.Release|x64.ActiveCfg = Release|Any CPU
		{EEF4C1D8-9F41-4D94-80A2-E27EFEEDCF65}.Release|x64.Build.0 = Release|Any CPU
		{EEF4C1D8-9F41-4D94-80A2-E27EFEEDCF65}.Release|x86.ActiveCfg = Release|Any CPU
		{EEF4C1D8-9F41-4D94-80A2-E27EFEEDCF65}.Release|x86.Build.0 = Release|Any CPU
	EndGlobalSection
EndGlobal
